
Microsoft Visual Studio Solution File, Format Version 12.00
# Visual Studio 2012
Project("{FAE04EC0-301F-11D3-BF4B-00C04F79EFBC}") = "KinectProject", "KinectProject\KinectProject.csproj", "{f5952a6e-f038-4bd1-8e85-2a988d75bb44}"
EndProject
Global
	GlobalSection(SolutionConfigurationPlatforms) = preSolution
		Debug|Any CPU = Debug|Any CPU
		Release|Any CPU = Release|Any CPU
	EndGlobalSection
	GlobalSection(ProjectConfigurationPlatforms) = postSolution
		{F5952A6E-F038-4BD1-8E85-2A988D75BB44}.Debug|Any CPU.ActiveCfg = Debug|Any CPU
		{F5952A6E-F038-4BD1-8E85-2A988D75BB44}.Debug|Any CPU.Build.0 = Debug|Any CPU
		{F5952A6E-F038-4BD1-8E85-2A988D75BB44}.Release|Any CPU.ActiveCfg = Release|Any CPU
		{F5952A6E-F038-4BD1-8E85-2A988D75BB44}.Release|Any CPU.Build.0 = Release|Any CPU
	EndGlobalSection
EndGlobal
